
Microsoft Visual Studio Solution File, Format Version 12.00
# Visual Studio Version 17
VisualStudioVersion = 17.0.31710.8
MinimumVisualStudioVersion = 10.0.40219.1
Project("{9A19103F-16F7-4668-BE54-9A1E7A4F7556}") = "Shamisen", "Shamisen\Shamisen.csproj", "{3194B68F-7FDA-402C-B9FA-3DE897CD4F4C}"
EndProject
Project("{2150E333-8FDC-42A3-9474-1A3956D46DE8}") = "Solution Items", "Solution Items", "{448D17C3-9E81-4896-BCE4-6706AFFA145C}"
	ProjectSection(SolutionItems) = preProject
		.editorconfig = .editorconfig
		.gitattributes = .gitattributes
		.gitignore = .gitignore
		CONTRIBUTING.md = CONTRIBUTING.md
		LICENSE.md = LICENSE.md
		README.md = README.md
		Shamisen-Logo.svg = Shamisen-Logo.svg
		Shamisen-NuGetIcon.svg = Shamisen-NuGetIcon.svg
		Shamisen.Benchmarks.ResamplerBenchmarks-report-github.md = Shamisen.Benchmarks.ResamplerBenchmarks-report-github.md
		Shamisen.Core.targets = Shamisen.Core.targets
	EndProjectSection
EndProject
Project("{2150E333-8FDC-42A3-9474-1A3956D46DE8}") = "IO", "IO", "{27F90A55-94F9-4FFE-977C-C1A66C3D1E02}"
EndProject
Project("{FAE04EC0-301F-11D3-BF4B-00C04F79EFBC}") = "Shamisen.IO.UWP", "Shamisen.UWP\Shamisen.IO.UWP.csproj", "{59D7E2D7-357B-42CB-8B25-ADA594BC3156}"
	ProjectSection(ProjectDependencies) = postProject
		{3194B68F-7FDA-402C-B9FA-3DE897CD4F4C} = {3194B68F-7FDA-402C-B9FA-3DE897CD4F4C}
	EndProjectSection
EndProject
Project("{2150E333-8FDC-42A3-9474-1A3956D46DE8}") = "Tests", "Tests", "{81590BC0-9B04-4940-80DF-CFEA6BCE80AF}"
EndProject
Project("{9A19103F-16F7-4668-BE54-9A1E7A4F7556}") = "Shamisen.Core.Tests.CoreFx", "Tests\Shamisen.Core.Tests.CoreFx\Shamisen.Core.Tests.CoreFx.csproj", "{F98C0DBE-B104-4826-A1C8-77380B0A100B}"
EndProject
Project("{FAE04EC0-301F-11D3-BF4B-00C04F79EFBC}") = "Shamisen.Output.Tests.UWP", "Tests\Shamisen.Output.Tests.UWP\Shamisen.Output.Tests.UWP.csproj", "{53BECC73-EC15-45ED-B78B-882C02D22E64}"
EndProject
Project("{FAE04EC0-301F-11D3-BF4B-00C04F79EFBC}") = "Shamisen.IO.Android", "Shamisen.Android\Shamisen.IO.Android.csproj", "{FC199661-7829-41FE-8558-89B1185FE009}"
EndProject
Project("{9A19103F-16F7-4668-BE54-9A1E7A4F7556}") = "Shamisen.IO.CSCore", "Shamisen.IO.CSCore\Shamisen.IO.CSCore.csproj", "{9D8ADFE7-92E9-48BD-9067-15F0D21B8577}"
EndProject
Project("{9A19103F-16F7-4668-BE54-9A1E7A4F7556}") = "Shamisen.IO.NAudio", "Shamisen.IO.NAudio\Shamisen.IO.NAudio.csproj", "{CF12ED2C-DC42-4344-88BC-8AC95DC0FFB5}"
EndProject
Project("{9A19103F-16F7-4668-BE54-9A1E7A4F7556}") = "Shamisen.IO.OpenTK", "Shamisen.IO.OpenTK\Shamisen.IO.OpenTK.csproj", "{A418DA62-B0F1-4727-920A-C8E8EB48B143}"
EndProject
Project("{2150E333-8FDC-42A3-9474-1A3956D46DE8}") = "IO", "IO", "{5E4517CB-05B6-4B76-9107-C451B10B605D}"
EndProject
Project("{9A19103F-16F7-4668-BE54-9A1E7A4F7556}") = "Shamisen.Tests.IO.Windows", "Shamisen.Tests.IO.CSCore\Shamisen.Tests.IO.Windows.csproj", "{30E234A1-498C-4200-B223-35E721574D76}"
EndProject
Project("{2150E333-8FDC-42A3-9474-1A3956D46DE8}") = "Old", "Old", "{DF25CEAE-97DD-4832-90E5-2047AA385DD4}"
EndProject
Project("{9A19103F-16F7-4668-BE54-9A1E7A4F7556}") = "Shamisen.IO.MonoGame", "Shamisen.IO.MonoGame\Shamisen.IO.MonoGame.csproj", "{D513A5D2-80C8-44FC-B2E8-03F94D83D249}"
EndProject
Project("{2150E333-8FDC-42A3-9474-1A3956D46DE8}") = "Benchmarks", "Benchmarks", "{137071CE-130A-43E7-92CF-97C8C7C70268}"
EndProject
Project("{9A19103F-16F7-4668-BE54-9A1E7A4F7556}") = "Shamisen.Benchmarks", "Shamisen.Benchmarks\Shamisen.Benchmarks.csproj", "{B898D712-EB5B-4345-A3CD-98C24C11A1FC}"
EndProject
Project("{9A19103F-16F7-4668-BE54-9A1E7A4F7556}") = "Shamisen.BenchmarkRunner", "Shamisen.BenchmarkRunner\Shamisen.BenchmarkRunner.csproj", "{21BAC05E-92F6-42D3-B6E7-2F40BBA80550}"
EndProject
Project("{FAE04EC0-301F-11D3-BF4B-00C04F79EFBC}") = "Shamisen.Tests.IO.Droid", "Tests\Shamisen.Tests.IO.Droid\Shamisen.Tests.IO.Droid.csproj", "{CBC9C972-F946-484F-9ADF-1BA1906ABF86}"
EndProject
Project("{9A19103F-16F7-4668-BE54-9A1E7A4F7556}") = "Shamisen.CodeGenDependencies", "Shamisen.CodeGenDependencies\Shamisen.CodeGenDependencies.csproj", "{909B6A2F-D762-469A-9ECD-FCE7653978C6}"
EndProject
Project("{9A19103F-16F7-4668-BE54-9A1E7A4F7556}") = "Shamisen.Tests.IO.OpenTK", "Shamisen.Tests.IO.OpenTK\Shamisen.Tests.IO.OpenTK.csproj", "{53D465A7-704F-42EC-9185-4148104B821F}"
EndProject
Project("{2150E333-8FDC-42A3-9474-1A3956D46DE8}") = "Windows", "Windows", "{39E76EAA-1626-4448-9ABB-5862B7CCD1F4}"
EndProject
Project("{2150E333-8FDC-42A3-9474-1A3956D46DE8}") = "Managed", "Managed", "{A3DDBE9B-5F1F-4ED2-A57B-07CA13575D67}"
EndProject
Project("{9A19103F-16F7-4668-BE54-9A1E7A4F7556}") = "Shamisen.IO.WindowsCoreAudio", "Shamisen.IO.WindowsCoreAudio\Shamisen.IO.WindowsCoreAudio.csproj", "{D1F061B0-E905-4735-AD8C-41D718E79A19}"
EndProject
Project("{2150E333-8FDC-42A3-9474-1A3956D46DE8}") = "Native", "Native", "{8A2041EA-A9F8-4379-B139-CC8FF12CA456}"
EndProject
Project("{9A19103F-16F7-4668-BE54-9A1E7A4F7556}") = "Shamisen.IO.Oboe", "Shamisen.IO.Oboe\Shamisen.IO.Oboe.csproj", "{66D7D7A4-647F-4847-8C6B-451CE5E12E15}"
EndProject
Project("{2150E333-8FDC-42A3-9474-1A3956D46DE8}") = "Codecs", "Codecs", "{39916B22-3F5F-4508-A4A0-AC6F360DB301}"
EndProject
Project("{2150E333-8FDC-42A3-9474-1A3956D46DE8}") = "Native", "Native", "{ED7D1360-F59F-4A1C-BB9A-B7A953DF4B84}"
EndProject
Project("{9A19103F-16F7-4668-BE54-9A1E7A4F7556}") = "Shamisen.Codecs.Native.FLAC", "Codecs\Shamisen.Codecs.Native.FLAC\Shamisen.Codecs.Native.FLAC.csproj", "{A0DC11A3-5DF8-4C54-8163-94C62374288E}"
EndProject
Project("{2150E333-8FDC-42A3-9474-1A3956D46DE8}") = "Platforms", "Platforms", "{D33C66EC-DE4F-4905-B522-2525DBECF41E}"
EndProject
Project("{2150E333-8FDC-42A3-9474-1A3956D46DE8}") = "Android", "Android", "{DDC3A444-B18C-48BA-B712-FFF62289A3C5}"
EndProject
Project("{2150E333-8FDC-42A3-9474-1A3956D46DE8}") = "Android", "Android", "{BF394D5B-C850-424C-8F3C-984556A40D42}"
EndProject
Project("{2150E333-8FDC-42A3-9474-1A3956D46DE8}") = "CodeGeneration", "CodeGeneration", "{E8DA7A3F-784A-4D79-BF9A-96721EE8072C}"
EndProject
Project("{9A19103F-16F7-4668-BE54-9A1E7A4F7556}") = "Shamisen.IO.Silk.NET.OpenAL", "Shamisen.IO.Silk.NET.OpenAL\Shamisen.IO.Silk.NET.OpenAL.csproj", "{ABC58A08-876B-45C5-8781-95AD07803026}"
EndProject
Project("{9A19103F-16F7-4668-BE54-9A1E7A4F7556}") = "Shamisen.Core", "Shamisen.Core\Shamisen.Core.csproj", "{1B242BB7-6D5E-4871-BE00-31A506B4F698}"
EndProject
Project("{2150E333-8FDC-42A3-9474-1A3956D46DE8}") = "Managed", "Managed", "{5E3238C9-809E-41C0-A168-D1A192FC4FB3}"
EndProject
Project("{9A19103F-16F7-4668-BE54-9A1E7A4F7556}") = "Shamisen.Codecs.Flac", "Codecs\Managed\Shamisen.Codecs.Flac\Shamisen.Codecs.Flac.csproj", "{BE139602-8894-497C-BC25-6A224D95B425}"
EndProject
Project("{9A19103F-16F7-4668-BE54-9A1E7A4F7556}") = "Shamisen.IO", "Shamisen.IO\Shamisen.IO.csproj", "{9B0B588E-4459-4D7B-866F-0965434E4677}"
EndProject
Project("{9A19103F-16F7-4668-BE54-9A1E7A4F7556}") = "Shamisen.IO.WinRt", "Shamisen.IO.AudioGraph\Shamisen.IO.WinRt.csproj", "{E7388F1A-E23E-49D2-9379-7A12D6B6EF34}"
EndProject
Project("{9A19103F-16F7-4668-BE54-9A1E7A4F7556}") = "Shamisen.Pipeline", "Shamisen.Pipeline\Shamisen.Pipeline.csproj", "{7473673C-E576-4538-B74A-3D0F2787DD19}"
EndProject
Project("{C7167F0D-BC9F-4E6E-AFE1-012C56B48DB5}") = "Shamisen.Tests.IO.WinRt (Package)", "Tests\Shamisen.Tests.IO.WinRt\Shamisen.Tests.IO.WinRt (Package)\Shamisen.Tests.IO.WinRt (Package).wapproj", "{3952F3F0-1361-4D25-BA28-AA2D6E3627BD}"
EndProject
Project("{9A19103F-16F7-4668-BE54-9A1E7A4F7556}") = "Shamisen.Tests.IO.WinRt", "Tests\Shamisen.Tests.IO.WinRt\Shamisen.Tests.IO.WinRt\Shamisen.Tests.IO.WinRt.csproj", "{F75A0E7E-697D-468C-B33F-9C4A7C1D0229}"
EndProject
Project("{9A19103F-16F7-4668-BE54-9A1E7A4F7556}") = "Shamisen.Utils", "Shamisen.Utils\Shamisen.Utils.csproj", "{9768A526-447D-492B-BF51-48144EC7FDF1}"
EndProject
Project("{FAE04EC0-301F-11D3-BF4B-00C04F79EFBC}") = "Shamisen.Tests.IO.NAudio", "Shamisen.Tests.IO.NAudio\Shamisen.Tests.IO.NAudio.csproj", "{F43ED62D-935F-4848-871B-0B3740751512}"
EndProject
Global
	GlobalSection(SolutionConfigurationPlatforms) = preSolution
		Debug|Any CPU = Debug|Any CPU
		Debug|ARM = Debug|ARM
		Debug|ARM64 = Debug|ARM64
		Debug|x64 = Debug|x64
		Debug|x86 = Debug|x86
		Release|Any CPU = Release|Any CPU
		Release|ARM = Release|ARM
		Release|ARM64 = Release|ARM64
		Release|x64 = Release|x64
		Release|x86 = Release|x86
	EndGlobalSection
	GlobalSection(ProjectConfigurationPlatforms) = postSolution
		{3194B68F-7FDA-402C-B9FA-3DE897CD4F4C}.Debug|Any CPU.ActiveCfg = Debug|Any CPU
		{3194B68F-7FDA-402C-B9FA-3DE897CD4F4C}.Debug|Any CPU.Build.0 = Debug|Any CPU
		{3194B68F-7FDA-402C-B9FA-3DE897CD4F4C}.Debug|ARM.ActiveCfg = Debug|Any CPU
		{3194B68F-7FDA-402C-B9FA-3DE897CD4F4C}.Debug|ARM.Build.0 = Debug|Any CPU
		{3194B68F-7FDA-402C-B9FA-3DE897CD4F4C}.Debug|ARM64.ActiveCfg = Debug|Any CPU
		{3194B68F-7FDA-402C-B9FA-3DE897CD4F4C}.Debug|ARM64.Build.0 = Debug|Any CPU
		{3194B68F-7FDA-402C-B9FA-3DE897CD4F4C}.Debug|x64.ActiveCfg = Debug|Any CPU
		{3194B68F-7FDA-402C-B9FA-3DE897CD4F4C}.Debug|x64.Build.0 = Debug|Any CPU
		{3194B68F-7FDA-402C-B9FA-3DE897CD4F4C}.Debug|x86.ActiveCfg = Debug|Any CPU
		{3194B68F-7FDA-402C-B9FA-3DE897CD4F4C}.Debug|x86.Build.0 = Debug|Any CPU
		{3194B68F-7FDA-402C-B9FA-3DE897CD4F4C}.Release|Any CPU.ActiveCfg = Release|Any CPU
		{3194B68F-7FDA-402C-B9FA-3DE897CD4F4C}.Release|Any CPU.Build.0 = Release|Any CPU
		{3194B68F-7FDA-402C-B9FA-3DE897CD4F4C}.Release|ARM.ActiveCfg = Release|Any CPU
		{3194B68F-7FDA-402C-B9FA-3DE897CD4F4C}.Release|ARM.Build.0 = Release|Any CPU
		{3194B68F-7FDA-402C-B9FA-3DE897CD4F4C}.Release|ARM64.ActiveCfg = Release|Any CPU
		{3194B68F-7FDA-402C-B9FA-3DE897CD4F4C}.Release|ARM64.Build.0 = Release|Any CPU
		{3194B68F-7FDA-402C-B9FA-3DE897CD4F4C}.Release|x64.ActiveCfg = Release|Any CPU
		{3194B68F-7FDA-402C-B9FA-3DE897CD4F4C}.Release|x64.Build.0 = Release|Any CPU
		{3194B68F-7FDA-402C-B9FA-3DE897CD4F4C}.Release|x86.ActiveCfg = Release|Any CPU
		{3194B68F-7FDA-402C-B9FA-3DE897CD4F4C}.Release|x86.Build.0 = Release|Any CPU
		{59D7E2D7-357B-42CB-8B25-ADA594BC3156}.Debug|Any CPU.ActiveCfg = Debug|Any CPU
		{59D7E2D7-357B-42CB-8B25-ADA594BC3156}.Debug|Any CPU.Build.0 = Debug|Any CPU
		{59D7E2D7-357B-42CB-8B25-ADA594BC3156}.Debug|ARM.ActiveCfg = Debug|ARM
		{59D7E2D7-357B-42CB-8B25-ADA594BC3156}.Debug|ARM.Build.0 = Debug|ARM
		{59D7E2D7-357B-42CB-8B25-ADA594BC3156}.Debug|ARM64.ActiveCfg = Debug|ARM64
		{59D7E2D7-357B-42CB-8B25-ADA594BC3156}.Debug|ARM64.Build.0 = Debug|ARM64
		{59D7E2D7-357B-42CB-8B25-ADA594BC3156}.Debug|x64.ActiveCfg = Debug|x64
		{59D7E2D7-357B-42CB-8B25-ADA594BC3156}.Debug|x64.Build.0 = Debug|x64
		{59D7E2D7-357B-42CB-8B25-ADA594BC3156}.Debug|x86.ActiveCfg = Debug|x86
		{59D7E2D7-357B-42CB-8B25-ADA594BC3156}.Debug|x86.Build.0 = Debug|x86
		{59D7E2D7-357B-42CB-8B25-ADA594BC3156}.Release|Any CPU.ActiveCfg = Release|Any CPU
		{59D7E2D7-357B-42CB-8B25-ADA594BC3156}.Release|Any CPU.Build.0 = Release|Any CPU
		{59D7E2D7-357B-42CB-8B25-ADA594BC3156}.Release|ARM.ActiveCfg = Release|ARM
		{59D7E2D7-357B-42CB-8B25-ADA594BC3156}.Release|ARM.Build.0 = Release|ARM
		{59D7E2D7-357B-42CB-8B25-ADA594BC3156}.Release|ARM64.ActiveCfg = Release|ARM64
		{59D7E2D7-357B-42CB-8B25-ADA594BC3156}.Release|ARM64.Build.0 = Release|ARM64
		{59D7E2D7-357B-42CB-8B25-ADA594BC3156}.Release|x64.ActiveCfg = Release|x64
		{59D7E2D7-357B-42CB-8B25-ADA594BC3156}.Release|x64.Build.0 = Release|x64
		{59D7E2D7-357B-42CB-8B25-ADA594BC3156}.Release|x86.ActiveCfg = Release|x86
		{59D7E2D7-357B-42CB-8B25-ADA594BC3156}.Release|x86.Build.0 = Release|x86
		{F98C0DBE-B104-4826-A1C8-77380B0A100B}.Debug|Any CPU.ActiveCfg = Debug|Any CPU
		{F98C0DBE-B104-4826-A1C8-77380B0A100B}.Debug|Any CPU.Build.0 = Debug|Any CPU
		{F98C0DBE-B104-4826-A1C8-77380B0A100B}.Debug|ARM.ActiveCfg = Debug|Any CPU
		{F98C0DBE-B104-4826-A1C8-77380B0A100B}.Debug|ARM.Build.0 = Debug|Any CPU
		{F98C0DBE-B104-4826-A1C8-77380B0A100B}.Debug|ARM64.ActiveCfg = Debug|Any CPU
		{F98C0DBE-B104-4826-A1C8-77380B0A100B}.Debug|ARM64.Build.0 = Debug|Any CPU
		{F98C0DBE-B104-4826-A1C8-77380B0A100B}.Debug|x64.ActiveCfg = Debug|Any CPU
		{F98C0DBE-B104-4826-A1C8-77380B0A100B}.Debug|x64.Build.0 = Debug|Any CPU
		{F98C0DBE-B104-4826-A1C8-77380B0A100B}.Debug|x86.ActiveCfg = Debug|Any CPU
		{F98C0DBE-B104-4826-A1C8-77380B0A100B}.Debug|x86.Build.0 = Debug|Any CPU
		{F98C0DBE-B104-4826-A1C8-77380B0A100B}.Release|Any CPU.ActiveCfg = Release|Any CPU
		{F98C0DBE-B104-4826-A1C8-77380B0A100B}.Release|Any CPU.Build.0 = Release|Any CPU
		{F98C0DBE-B104-4826-A1C8-77380B0A100B}.Release|ARM.ActiveCfg = Release|Any CPU
		{F98C0DBE-B104-4826-A1C8-77380B0A100B}.Release|ARM.Build.0 = Release|Any CPU
		{F98C0DBE-B104-4826-A1C8-77380B0A100B}.Release|ARM64.ActiveCfg = Release|Any CPU
		{F98C0DBE-B104-4826-A1C8-77380B0A100B}.Release|ARM64.Build.0 = Release|Any CPU
		{F98C0DBE-B104-4826-A1C8-77380B0A100B}.Release|x64.ActiveCfg = Release|Any CPU
		{F98C0DBE-B104-4826-A1C8-77380B0A100B}.Release|x64.Build.0 = Release|Any CPU
		{F98C0DBE-B104-4826-A1C8-77380B0A100B}.Release|x86.ActiveCfg = Release|Any CPU
		{F98C0DBE-B104-4826-A1C8-77380B0A100B}.Release|x86.Build.0 = Release|Any CPU
		{53BECC73-EC15-45ED-B78B-882C02D22E64}.Debug|Any CPU.ActiveCfg = Debug|x86
		{53BECC73-EC15-45ED-B78B-882C02D22E64}.Debug|ARM.ActiveCfg = Debug|ARM
		{53BECC73-EC15-45ED-B78B-882C02D22E64}.Debug|ARM.Build.0 = Debug|ARM
		{53BECC73-EC15-45ED-B78B-882C02D22E64}.Debug|ARM.Deploy.0 = Debug|ARM
		{53BECC73-EC15-45ED-B78B-882C02D22E64}.Debug|ARM64.ActiveCfg = Debug|ARM64
		{53BECC73-EC15-45ED-B78B-882C02D22E64}.Debug|ARM64.Build.0 = Debug|ARM64
		{53BECC73-EC15-45ED-B78B-882C02D22E64}.Debug|ARM64.Deploy.0 = Debug|ARM64
		{53BECC73-EC15-45ED-B78B-882C02D22E64}.Debug|x64.ActiveCfg = Debug|x64
		{53BECC73-EC15-45ED-B78B-882C02D22E64}.Debug|x64.Build.0 = Debug|x64
		{53BECC73-EC15-45ED-B78B-882C02D22E64}.Debug|x64.Deploy.0 = Debug|x64
		{53BECC73-EC15-45ED-B78B-882C02D22E64}.Debug|x86.ActiveCfg = Debug|x86
		{53BECC73-EC15-45ED-B78B-882C02D22E64}.Debug|x86.Build.0 = Debug|x86
		{53BECC73-EC15-45ED-B78B-882C02D22E64}.Debug|x86.Deploy.0 = Debug|x86
		{53BECC73-EC15-45ED-B78B-882C02D22E64}.Release|Any CPU.ActiveCfg = Release|x86
		{53BECC73-EC15-45ED-B78B-882C02D22E64}.Release|ARM.ActiveCfg = Release|ARM
		{53BECC73-EC15-45ED-B78B-882C02D22E64}.Release|ARM.Build.0 = Release|ARM
		{53BECC73-EC15-45ED-B78B-882C02D22E64}.Release|ARM.Deploy.0 = Release|ARM
		{53BECC73-EC15-45ED-B78B-882C02D22E64}.Release|ARM64.ActiveCfg = Release|ARM64
		{53BECC73-EC15-45ED-B78B-882C02D22E64}.Release|ARM64.Build.0 = Release|ARM64
		{53BECC73-EC15-45ED-B78B-882C02D22E64}.Release|ARM64.Deploy.0 = Release|ARM64
		{53BECC73-EC15-45ED-B78B-882C02D22E64}.Release|x64.ActiveCfg = Release|x64
		{53BECC73-EC15-45ED-B78B-882C02D22E64}.Release|x64.Build.0 = Release|x64
		{53BECC73-EC15-45ED-B78B-882C02D22E64}.Release|x64.Deploy.0 = Release|x64
		{53BECC73-EC15-45ED-B78B-882C02D22E64}.Release|x86.ActiveCfg = Release|x86
		{53BECC73-EC15-45ED-B78B-882C02D22E64}.Release|x86.Build.0 = Release|x86
		{53BECC73-EC15-45ED-B78B-882C02D22E64}.Release|x86.Deploy.0 = Release|x86
		{FC199661-7829-41FE-8558-89B1185FE009}.Debug|Any CPU.ActiveCfg = Debug|Any CPU
		{FC199661-7829-41FE-8558-89B1185FE009}.Debug|Any CPU.Build.0 = Debug|Any CPU
		{FC199661-7829-41FE-8558-89B1185FE009}.Debug|ARM.ActiveCfg = Debug|Any CPU
		{FC199661-7829-41FE-8558-89B1185FE009}.Debug|ARM.Build.0 = Debug|Any CPU
		{FC199661-7829-41FE-8558-89B1185FE009}.Debug|ARM64.ActiveCfg = Debug|Any CPU
		{FC199661-7829-41FE-8558-89B1185FE009}.Debug|ARM64.Build.0 = Debug|Any CPU
		{FC199661-7829-41FE-8558-89B1185FE009}.Debug|x64.ActiveCfg = Debug|Any CPU
		{FC199661-7829-41FE-8558-89B1185FE009}.Debug|x64.Build.0 = Debug|Any CPU
		{FC199661-7829-41FE-8558-89B1185FE009}.Debug|x86.ActiveCfg = Debug|Any CPU
		{FC199661-7829-41FE-8558-89B1185FE009}.Debug|x86.Build.0 = Debug|Any CPU
		{FC199661-7829-41FE-8558-89B1185FE009}.Release|Any CPU.ActiveCfg = Release|Any CPU
		{FC199661-7829-41FE-8558-89B1185FE009}.Release|Any CPU.Build.0 = Release|Any CPU
		{FC199661-7829-41FE-8558-89B1185FE009}.Release|ARM.ActiveCfg = Release|Any CPU
		{FC199661-7829-41FE-8558-89B1185FE009}.Release|ARM.Build.0 = Release|Any CPU
		{FC199661-7829-41FE-8558-89B1185FE009}.Release|ARM64.ActiveCfg = Release|Any CPU
		{FC199661-7829-41FE-8558-89B1185FE009}.Release|ARM64.Build.0 = Release|Any CPU
		{FC199661-7829-41FE-8558-89B1185FE009}.Release|x64.ActiveCfg = Release|Any CPU
		{FC199661-7829-41FE-8558-89B1185FE009}.Release|x64.Build.0 = Release|Any CPU
		{FC199661-7829-41FE-8558-89B1185FE009}.Release|x86.ActiveCfg = Release|Any CPU
		{FC199661-7829-41FE-8558-89B1185FE009}.Release|x86.Build.0 = Release|Any CPU
		{9D8ADFE7-92E9-48BD-9067-15F0D21B8577}.Debug|Any CPU.ActiveCfg = Debug|Any CPU
		{9D8ADFE7-92E9-48BD-9067-15F0D21B8577}.Debug|Any CPU.Build.0 = Debug|Any CPU
		{9D8ADFE7-92E9-48BD-9067-15F0D21B8577}.Debug|ARM.ActiveCfg = Debug|Any CPU
		{9D8ADFE7-92E9-48BD-9067-15F0D21B8577}.Debug|ARM.Build.0 = Debug|Any CPU
		{9D8ADFE7-92E9-48BD-9067-15F0D21B8577}.Debug|ARM64.ActiveCfg = Debug|Any CPU
		{9D8ADFE7-92E9-48BD-9067-15F0D21B8577}.Debug|ARM64.Build.0 = Debug|Any CPU
		{9D8ADFE7-92E9-48BD-9067-15F0D21B8577}.Debug|x64.ActiveCfg = Debug|Any CPU
		{9D8ADFE7-92E9-48BD-9067-15F0D21B8577}.Debug|x64.Build.0 = Debug|Any CPU
		{9D8ADFE7-92E9-48BD-9067-15F0D21B8577}.Debug|x86.ActiveCfg = Debug|Any CPU
		{9D8ADFE7-92E9-48BD-9067-15F0D21B8577}.Debug|x86.Build.0 = Debug|Any CPU
		{9D8ADFE7-92E9-48BD-9067-15F0D21B8577}.Release|Any CPU.ActiveCfg = Release|Any CPU
		{9D8ADFE7-92E9-48BD-9067-15F0D21B8577}.Release|Any CPU.Build.0 = Release|Any CPU
		{9D8ADFE7-92E9-48BD-9067-15F0D21B8577}.Release|ARM.ActiveCfg = Release|Any CPU
		{9D8ADFE7-92E9-48BD-9067-15F0D21B8577}.Release|ARM.Build.0 = Release|Any CPU
		{9D8ADFE7-92E9-48BD-9067-15F0D21B8577}.Release|ARM64.ActiveCfg = Release|Any CPU
		{9D8ADFE7-92E9-48BD-9067-15F0D21B8577}.Release|ARM64.Build.0 = Release|Any CPU
		{9D8ADFE7-92E9-48BD-9067-15F0D21B8577}.Release|x64.ActiveCfg = Release|Any CPU
		{9D8ADFE7-92E9-48BD-9067-15F0D21B8577}.Release|x64.Build.0 = Release|Any CPU
		{9D8ADFE7-92E9-48BD-9067-15F0D21B8577}.Release|x86.ActiveCfg = Release|Any CPU
		{9D8ADFE7-92E9-48BD-9067-15F0D21B8577}.Release|x86.Build.0 = Release|Any CPU
		{CF12ED2C-DC42-4344-88BC-8AC95DC0FFB5}.Debug|Any CPU.ActiveCfg = Debug|Any CPU
		{CF12ED2C-DC42-4344-88BC-8AC95DC0FFB5}.Debug|Any CPU.Build.0 = Debug|Any CPU
		{CF12ED2C-DC42-4344-88BC-8AC95DC0FFB5}.Debug|ARM.ActiveCfg = Debug|Any CPU
		{CF12ED2C-DC42-4344-88BC-8AC95DC0FFB5}.Debug|ARM.Build.0 = Debug|Any CPU
		{CF12ED2C-DC42-4344-88BC-8AC95DC0FFB5}.Debug|ARM64.ActiveCfg = Debug|Any CPU
		{CF12ED2C-DC42-4344-88BC-8AC95DC0FFB5}.Debug|ARM64.Build.0 = Debug|Any CPU
		{CF12ED2C-DC42-4344-88BC-8AC95DC0FFB5}.Debug|x64.ActiveCfg = Debug|Any CPU
		{CF12ED2C-DC42-4344-88BC-8AC95DC0FFB5}.Debug|x64.Build.0 = Debug|Any CPU
		{CF12ED2C-DC42-4344-88BC-8AC95DC0FFB5}.Debug|x86.ActiveCfg = Debug|Any CPU
		{CF12ED2C-DC42-4344-88BC-8AC95DC0FFB5}.Debug|x86.Build.0 = Debug|Any CPU
		{CF12ED2C-DC42-4344-88BC-8AC95DC0FFB5}.Release|Any CPU.ActiveCfg = Release|Any CPU
		{CF12ED2C-DC42-4344-88BC-8AC95DC0FFB5}.Release|Any CPU.Build.0 = Release|Any CPU
		{CF12ED2C-DC42-4344-88BC-8AC95DC0FFB5}.Release|ARM.ActiveCfg = Release|Any CPU
		{CF12ED2C-DC42-4344-88BC-8AC95DC0FFB5}.Release|ARM.Build.0 = Release|Any CPU
		{CF12ED2C-DC42-4344-88BC-8AC95DC0FFB5}.Release|ARM64.ActiveCfg = Release|Any CPU
		{CF12ED2C-DC42-4344-88BC-8AC95DC0FFB5}.Release|ARM64.Build.0 = Release|Any CPU
		{CF12ED2C-DC42-4344-88BC-8AC95DC0FFB5}.Release|x64.ActiveCfg = Release|Any CPU
		{CF12ED2C-DC42-4344-88BC-8AC95DC0FFB5}.Release|x64.Build.0 = Release|Any CPU
		{CF12ED2C-DC42-4344-88BC-8AC95DC0FFB5}.Release|x86.ActiveCfg = Release|Any CPU
		{CF12ED2C-DC42-4344-88BC-8AC95DC0FFB5}.Release|x86.Build.0 = Release|Any CPU
		{A418DA62-B0F1-4727-920A-C8E8EB48B143}.Debug|Any CPU.ActiveCfg = Debug|Any CPU
		{A418DA62-B0F1-4727-920A-C8E8EB48B143}.Debug|Any CPU.Build.0 = Debug|Any CPU
		{A418DA62-B0F1-4727-920A-C8E8EB48B143}.Debug|ARM.ActiveCfg = Debug|Any CPU
		{A418DA62-B0F1-4727-920A-C8E8EB48B143}.Debug|ARM.Build.0 = Debug|Any CPU
		{A418DA62-B0F1-4727-920A-C8E8EB48B143}.Debug|ARM64.ActiveCfg = Debug|Any CPU
		{A418DA62-B0F1-4727-920A-C8E8EB48B143}.Debug|ARM64.Build.0 = Debug|Any CPU
		{A418DA62-B0F1-4727-920A-C8E8EB48B143}.Debug|x64.ActiveCfg = Debug|Any CPU
		{A418DA62-B0F1-4727-920A-C8E8EB48B143}.Debug|x64.Build.0 = Debug|Any CPU
		{A418DA62-B0F1-4727-920A-C8E8EB48B143}.Debug|x86.ActiveCfg = Debug|Any CPU
		{A418DA62-B0F1-4727-920A-C8E8EB48B143}.Debug|x86.Build.0 = Debug|Any CPU
		{A418DA62-B0F1-4727-920A-C8E8EB48B143}.Release|Any CPU.ActiveCfg = Release|Any CPU
		{A418DA62-B0F1-4727-920A-C8E8EB48B143}.Release|Any CPU.Build.0 = Release|Any CPU
		{A418DA62-B0F1-4727-920A-C8E8EB48B143}.Release|ARM.ActiveCfg = Release|Any CPU
		{A418DA62-B0F1-4727-920A-C8E8EB48B143}.Release|ARM.Build.0 = Release|Any CPU
		{A418DA62-B0F1-4727-920A-C8E8EB48B143}.Release|ARM64.ActiveCfg = Release|Any CPU
		{A418DA62-B0F1-4727-920A-C8E8EB48B143}.Release|ARM64.Build.0 = Release|Any CPU
		{A418DA62-B0F1-4727-920A-C8E8EB48B143}.Release|x64.ActiveCfg = Release|Any CPU
		{A418DA62-B0F1-4727-920A-C8E8EB48B143}.Release|x64.Build.0 = Release|Any CPU
		{A418DA62-B0F1-4727-920A-C8E8EB48B143}.Release|x86.ActiveCfg = Release|Any CPU
		{A418DA62-B0F1-4727-920A-C8E8EB48B143}.Release|x86.Build.0 = Release|Any CPU
		{30E234A1-498C-4200-B223-35E721574D76}.Debug|Any CPU.ActiveCfg = Debug|Any CPU
		{30E234A1-498C-4200-B223-35E721574D76}.Debug|Any CPU.Build.0 = Debug|Any CPU
		{30E234A1-498C-4200-B223-35E721574D76}.Debug|ARM.ActiveCfg = Debug|Any CPU
		{30E234A1-498C-4200-B223-35E721574D76}.Debug|ARM.Build.0 = Debug|Any CPU
		{30E234A1-498C-4200-B223-35E721574D76}.Debug|ARM64.ActiveCfg = Debug|Any CPU
		{30E234A1-498C-4200-B223-35E721574D76}.Debug|ARM64.Build.0 = Debug|Any CPU
		{30E234A1-498C-4200-B223-35E721574D76}.Debug|x64.ActiveCfg = Debug|Any CPU
		{30E234A1-498C-4200-B223-35E721574D76}.Debug|x64.Build.0 = Debug|Any CPU
		{30E234A1-498C-4200-B223-35E721574D76}.Debug|x86.ActiveCfg = Debug|Any CPU
		{30E234A1-498C-4200-B223-35E721574D76}.Debug|x86.Build.0 = Debug|Any CPU
		{30E234A1-498C-4200-B223-35E721574D76}.Release|Any CPU.ActiveCfg = Release|Any CPU
		{30E234A1-498C-4200-B223-35E721574D76}.Release|Any CPU.Build.0 = Release|Any CPU
		{30E234A1-498C-4200-B223-35E721574D76}.Release|ARM.ActiveCfg = Release|Any CPU
		{30E234A1-498C-4200-B223-35E721574D76}.Release|ARM.Build.0 = Release|Any CPU
		{30E234A1-498C-4200-B223-35E721574D76}.Release|ARM64.ActiveCfg = Release|Any CPU
		{30E234A1-498C-4200-B223-35E721574D76}.Release|ARM64.Build.0 = Release|Any CPU
		{30E234A1-498C-4200-B223-35E721574D76}.Release|x64.ActiveCfg = Release|Any CPU
		{30E234A1-498C-4200-B223-35E721574D76}.Release|x64.Build.0 = Release|Any CPU
		{30E234A1-498C-4200-B223-35E721574D76}.Release|x86.ActiveCfg = Release|Any CPU
		{30E234A1-498C-4200-B223-35E721574D76}.Release|x86.Build.0 = Release|Any CPU
		{D513A5D2-80C8-44FC-B2E8-03F94D83D249}.Debug|Any CPU.ActiveCfg = Debug|Any CPU
		{D513A5D2-80C8-44FC-B2E8-03F94D83D249}.Debug|Any CPU.Build.0 = Debug|Any CPU
		{D513A5D2-80C8-44FC-B2E8-03F94D83D249}.Debug|ARM.ActiveCfg = Debug|Any CPU
		{D513A5D2-80C8-44FC-B2E8-03F94D83D249}.Debug|ARM.Build.0 = Debug|Any CPU
		{D513A5D2-80C8-44FC-B2E8-03F94D83D249}.Debug|ARM64.ActiveCfg = Debug|Any CPU
		{D513A5D2-80C8-44FC-B2E8-03F94D83D249}.Debug|ARM64.Build.0 = Debug|Any CPU
		{D513A5D2-80C8-44FC-B2E8-03F94D83D249}.Debug|x64.ActiveCfg = Debug|Any CPU
		{D513A5D2-80C8-44FC-B2E8-03F94D83D249}.Debug|x64.Build.0 = Debug|Any CPU
		{D513A5D2-80C8-44FC-B2E8-03F94D83D249}.Debug|x86.ActiveCfg = Debug|Any CPU
		{D513A5D2-80C8-44FC-B2E8-03F94D83D249}.Debug|x86.Build.0 = Debug|Any CPU
		{D513A5D2-80C8-44FC-B2E8-03F94D83D249}.Release|Any CPU.ActiveCfg = Release|Any CPU
		{D513A5D2-80C8-44FC-B2E8-03F94D83D249}.Release|Any CPU.Build.0 = Release|Any CPU
		{D513A5D2-80C8-44FC-B2E8-03F94D83D249}.Release|ARM.ActiveCfg = Release|Any CPU
		{D513A5D2-80C8-44FC-B2E8-03F94D83D249}.Release|ARM.Build.0 = Release|Any CPU
		{D513A5D2-80C8-44FC-B2E8-03F94D83D249}.Release|ARM64.ActiveCfg = Release|Any CPU
		{D513A5D2-80C8-44FC-B2E8-03F94D83D249}.Release|ARM64.Build.0 = Release|Any CPU
		{D513A5D2-80C8-44FC-B2E8-03F94D83D249}.Release|x64.ActiveCfg = Release|Any CPU
		{D513A5D2-80C8-44FC-B2E8-03F94D83D249}.Release|x64.Build.0 = Release|Any CPU
		{D513A5D2-80C8-44FC-B2E8-03F94D83D249}.Release|x86.ActiveCfg = Release|Any CPU
		{D513A5D2-80C8-44FC-B2E8-03F94D83D249}.Release|x86.Build.0 = Release|Any CPU
		{B898D712-EB5B-4345-A3CD-98C24C11A1FC}.Debug|Any CPU.ActiveCfg = Debug|Any CPU
		{B898D712-EB5B-4345-A3CD-98C24C11A1FC}.Debug|ARM.ActiveCfg = Debug|Any CPU
		{B898D712-EB5B-4345-A3CD-98C24C11A1FC}.Debug|ARM64.ActiveCfg = Debug|Any CPU
		{B898D712-EB5B-4345-A3CD-98C24C11A1FC}.Debug|x64.ActiveCfg = Debug|Any CPU
		{B898D712-EB5B-4345-A3CD-98C24C11A1FC}.Debug|x86.ActiveCfg = Debug|Any CPU
		{B898D712-EB5B-4345-A3CD-98C24C11A1FC}.Release|Any CPU.ActiveCfg = Release|Any CPU
		{B898D712-EB5B-4345-A3CD-98C24C11A1FC}.Release|Any CPU.Build.0 = Release|Any CPU
		{B898D712-EB5B-4345-A3CD-98C24C11A1FC}.Release|ARM.ActiveCfg = Release|Any CPU
		{B898D712-EB5B-4345-A3CD-98C24C11A1FC}.Release|ARM.Build.0 = Release|Any CPU
		{B898D712-EB5B-4345-A3CD-98C24C11A1FC}.Release|ARM64.ActiveCfg = Release|Any CPU
		{B898D712-EB5B-4345-A3CD-98C24C11A1FC}.Release|ARM64.Build.0 = Release|Any CPU
		{B898D712-EB5B-4345-A3CD-98C24C11A1FC}.Release|x64.ActiveCfg = Release|Any CPU
		{B898D712-EB5B-4345-A3CD-98C24C11A1FC}.Release|x64.Build.0 = Release|Any CPU
		{B898D712-EB5B-4345-A3CD-98C24C11A1FC}.Release|x86.ActiveCfg = Release|Any CPU
		{B898D712-EB5B-4345-A3CD-98C24C11A1FC}.Release|x86.Build.0 = Release|Any CPU
		{21BAC05E-92F6-42D3-B6E7-2F40BBA80550}.Debug|Any CPU.ActiveCfg = Debug|Any CPU
		{21BAC05E-92F6-42D3-B6E7-2F40BBA80550}.Debug|ARM.ActiveCfg = Debug|Any CPU
		{21BAC05E-92F6-42D3-B6E7-2F40BBA80550}.Debug|ARM64.ActiveCfg = Debug|Any CPU
		{21BAC05E-92F6-42D3-B6E7-2F40BBA80550}.Debug|x64.ActiveCfg = Debug|Any CPU
		{21BAC05E-92F6-42D3-B6E7-2F40BBA80550}.Debug|x86.ActiveCfg = Debug|Any CPU
		{21BAC05E-92F6-42D3-B6E7-2F40BBA80550}.Release|Any CPU.ActiveCfg = Release|Any CPU
		{21BAC05E-92F6-42D3-B6E7-2F40BBA80550}.Release|Any CPU.Build.0 = Release|Any CPU
		{21BAC05E-92F6-42D3-B6E7-2F40BBA80550}.Release|ARM.ActiveCfg = Release|Any CPU
		{21BAC05E-92F6-42D3-B6E7-2F40BBA80550}.Release|ARM.Build.0 = Release|Any CPU
		{21BAC05E-92F6-42D3-B6E7-2F40BBA80550}.Release|ARM64.ActiveCfg = Release|Any CPU
		{21BAC05E-92F6-42D3-B6E7-2F40BBA80550}.Release|ARM64.Build.0 = Release|Any CPU
		{21BAC05E-92F6-42D3-B6E7-2F40BBA80550}.Release|x64.ActiveCfg = Release|Any CPU
		{21BAC05E-92F6-42D3-B6E7-2F40BBA80550}.Release|x64.Build.0 = Release|Any CPU
		{21BAC05E-92F6-42D3-B6E7-2F40BBA80550}.Release|x86.ActiveCfg = Release|Any CPU
		{21BAC05E-92F6-42D3-B6E7-2F40BBA80550}.Release|x86.Build.0 = Release|Any CPU
		{CBC9C972-F946-484F-9ADF-1BA1906ABF86}.Debug|Any CPU.ActiveCfg = Debug|Any CPU
		{CBC9C972-F946-484F-9ADF-1BA1906ABF86}.Debug|Any CPU.Build.0 = Debug|Any CPU
		{CBC9C972-F946-484F-9ADF-1BA1906ABF86}.Debug|Any CPU.Deploy.0 = Debug|Any CPU
		{CBC9C972-F946-484F-9ADF-1BA1906ABF86}.Debug|ARM.ActiveCfg = Debug|Any CPU
		{CBC9C972-F946-484F-9ADF-1BA1906ABF86}.Debug|ARM.Build.0 = Debug|Any CPU
		{CBC9C972-F946-484F-9ADF-1BA1906ABF86}.Debug|ARM.Deploy.0 = Debug|Any CPU
		{CBC9C972-F946-484F-9ADF-1BA1906ABF86}.Debug|ARM64.ActiveCfg = Debug|Any CPU
		{CBC9C972-F946-484F-9ADF-1BA1906ABF86}.Debug|ARM64.Build.0 = Debug|Any CPU
		{CBC9C972-F946-484F-9ADF-1BA1906ABF86}.Debug|ARM64.Deploy.0 = Debug|Any CPU
		{CBC9C972-F946-484F-9ADF-1BA1906ABF86}.Debug|x64.ActiveCfg = Debug|Any CPU
		{CBC9C972-F946-484F-9ADF-1BA1906ABF86}.Debug|x64.Build.0 = Debug|Any CPU
		{CBC9C972-F946-484F-9ADF-1BA1906ABF86}.Debug|x64.Deploy.0 = Debug|Any CPU
		{CBC9C972-F946-484F-9ADF-1BA1906ABF86}.Debug|x86.ActiveCfg = Debug|Any CPU
		{CBC9C972-F946-484F-9ADF-1BA1906ABF86}.Debug|x86.Build.0 = Debug|Any CPU
		{CBC9C972-F946-484F-9ADF-1BA1906ABF86}.Debug|x86.Deploy.0 = Debug|Any CPU
		{CBC9C972-F946-484F-9ADF-1BA1906ABF86}.Release|Any CPU.ActiveCfg = Release|Any CPU
		{CBC9C972-F946-484F-9ADF-1BA1906ABF86}.Release|Any CPU.Build.0 = Release|Any CPU
		{CBC9C972-F946-484F-9ADF-1BA1906ABF86}.Release|Any CPU.Deploy.0 = Release|Any CPU
		{CBC9C972-F946-484F-9ADF-1BA1906ABF86}.Release|ARM.ActiveCfg = Release|Any CPU
		{CBC9C972-F946-484F-9ADF-1BA1906ABF86}.Release|ARM.Build.0 = Release|Any CPU
		{CBC9C972-F946-484F-9ADF-1BA1906ABF86}.Release|ARM.Deploy.0 = Release|Any CPU
		{CBC9C972-F946-484F-9ADF-1BA1906ABF86}.Release|ARM64.ActiveCfg = Release|Any CPU
		{CBC9C972-F946-484F-9ADF-1BA1906ABF86}.Release|ARM64.Build.0 = Release|Any CPU
		{CBC9C972-F946-484F-9ADF-1BA1906ABF86}.Release|ARM64.Deploy.0 = Release|Any CPU
		{CBC9C972-F946-484F-9ADF-1BA1906ABF86}.Release|x64.ActiveCfg = Release|Any CPU
		{CBC9C972-F946-484F-9ADF-1BA1906ABF86}.Release|x64.Build.0 = Release|Any CPU
		{CBC9C972-F946-484F-9ADF-1BA1906ABF86}.Release|x64.Deploy.0 = Release|Any CPU
		{CBC9C972-F946-484F-9ADF-1BA1906ABF86}.Release|x86.ActiveCfg = Release|Any CPU
		{CBC9C972-F946-484F-9ADF-1BA1906ABF86}.Release|x86.Build.0 = Release|Any CPU
		{CBC9C972-F946-484F-9ADF-1BA1906ABF86}.Release|x86.Deploy.0 = Release|Any CPU
		{909B6A2F-D762-469A-9ECD-FCE7653978C6}.Debug|Any CPU.ActiveCfg = Debug|Any CPU
		{909B6A2F-D762-469A-9ECD-FCE7653978C6}.Debug|Any CPU.Build.0 = Debug|Any CPU
		{909B6A2F-D762-469A-9ECD-FCE7653978C6}.Debug|ARM.ActiveCfg = Debug|Any CPU
		{909B6A2F-D762-469A-9ECD-FCE7653978C6}.Debug|ARM.Build.0 = Debug|Any CPU
		{909B6A2F-D762-469A-9ECD-FCE7653978C6}.Debug|ARM64.ActiveCfg = Debug|Any CPU
		{909B6A2F-D762-469A-9ECD-FCE7653978C6}.Debug|ARM64.Build.0 = Debug|Any CPU
		{909B6A2F-D762-469A-9ECD-FCE7653978C6}.Debug|x64.ActiveCfg = Debug|Any CPU
		{909B6A2F-D762-469A-9ECD-FCE7653978C6}.Debug|x64.Build.0 = Debug|Any CPU
		{909B6A2F-D762-469A-9ECD-FCE7653978C6}.Debug|x86.ActiveCfg = Debug|Any CPU
		{909B6A2F-D762-469A-9ECD-FCE7653978C6}.Debug|x86.Build.0 = Debug|Any CPU
		{909B6A2F-D762-469A-9ECD-FCE7653978C6}.Release|Any CPU.ActiveCfg = Release|Any CPU
		{909B6A2F-D762-469A-9ECD-FCE7653978C6}.Release|Any CPU.Build.0 = Release|Any CPU
		{909B6A2F-D762-469A-9ECD-FCE7653978C6}.Release|ARM.ActiveCfg = Release|Any CPU
		{909B6A2F-D762-469A-9ECD-FCE7653978C6}.Release|ARM.Build.0 = Release|Any CPU
		{909B6A2F-D762-469A-9ECD-FCE7653978C6}.Release|ARM64.ActiveCfg = Release|Any CPU
		{909B6A2F-D762-469A-9ECD-FCE7653978C6}.Release|ARM64.Build.0 = Release|Any CPU
		{909B6A2F-D762-469A-9ECD-FCE7653978C6}.Release|x64.ActiveCfg = Release|Any CPU
		{909B6A2F-D762-469A-9ECD-FCE7653978C6}.Release|x64.Build.0 = Release|Any CPU
		{909B6A2F-D762-469A-9ECD-FCE7653978C6}.Release|x86.ActiveCfg = Release|Any CPU
		{909B6A2F-D762-469A-9ECD-FCE7653978C6}.Release|x86.Build.0 = Release|Any CPU
		{53D465A7-704F-42EC-9185-4148104B821F}.Debug|Any CPU.ActiveCfg = Debug|Any CPU
		{53D465A7-704F-42EC-9185-4148104B821F}.Debug|Any CPU.Build.0 = Debug|Any CPU
		{53D465A7-704F-42EC-9185-4148104B821F}.Debug|ARM.ActiveCfg = Debug|Any CPU
		{53D465A7-704F-42EC-9185-4148104B821F}.Debug|ARM.Build.0 = Debug|Any CPU
		{53D465A7-704F-42EC-9185-4148104B821F}.Debug|ARM64.ActiveCfg = Debug|Any CPU
		{53D465A7-704F-42EC-9185-4148104B821F}.Debug|ARM64.Build.0 = Debug|Any CPU
		{53D465A7-704F-42EC-9185-4148104B821F}.Debug|x64.ActiveCfg = Debug|Any CPU
		{53D465A7-704F-42EC-9185-4148104B821F}.Debug|x64.Build.0 = Debug|Any CPU
		{53D465A7-704F-42EC-9185-4148104B821F}.Debug|x86.ActiveCfg = Debug|Any CPU
		{53D465A7-704F-42EC-9185-4148104B821F}.Debug|x86.Build.0 = Debug|Any CPU
		{53D465A7-704F-42EC-9185-4148104B821F}.Release|Any CPU.ActiveCfg = Release|Any CPU
		{53D465A7-704F-42EC-9185-4148104B821F}.Release|Any CPU.Build.0 = Release|Any CPU
		{53D465A7-704F-42EC-9185-4148104B821F}.Release|ARM.ActiveCfg = Release|Any CPU
		{53D465A7-704F-42EC-9185-4148104B821F}.Release|ARM.Build.0 = Release|Any CPU
		{53D465A7-704F-42EC-9185-4148104B821F}.Release|ARM64.ActiveCfg = Release|Any CPU
		{53D465A7-704F-42EC-9185-4148104B821F}.Release|ARM64.Build.0 = Release|Any CPU
		{53D465A7-704F-42EC-9185-4148104B821F}.Release|x64.ActiveCfg = Release|Any CPU
		{53D465A7-704F-42EC-9185-4148104B821F}.Release|x64.Build.0 = Release|Any CPU
		{53D465A7-704F-42EC-9185-4148104B821F}.Release|x86.ActiveCfg = Release|Any CPU
		{53D465A7-704F-42EC-9185-4148104B821F}.Release|x86.Build.0 = Release|Any CPU
		{D1F061B0-E905-4735-AD8C-41D718E79A19}.Debug|Any CPU.ActiveCfg = Debug|Any CPU
		{D1F061B0-E905-4735-AD8C-41D718E79A19}.Debug|Any CPU.Build.0 = Debug|Any CPU
		{D1F061B0-E905-4735-AD8C-41D718E79A19}.Debug|ARM.ActiveCfg = Debug|Any CPU
		{D1F061B0-E905-4735-AD8C-41D718E79A19}.Debug|ARM.Build.0 = Debug|Any CPU
		{D1F061B0-E905-4735-AD8C-41D718E79A19}.Debug|ARM64.ActiveCfg = Debug|Any CPU
		{D1F061B0-E905-4735-AD8C-41D718E79A19}.Debug|ARM64.Build.0 = Debug|Any CPU
		{D1F061B0-E905-4735-AD8C-41D718E79A19}.Debug|x64.ActiveCfg = Debug|Any CPU
		{D1F061B0-E905-4735-AD8C-41D718E79A19}.Debug|x64.Build.0 = Debug|Any CPU
		{D1F061B0-E905-4735-AD8C-41D718E79A19}.Debug|x86.ActiveCfg = Debug|Any CPU
		{D1F061B0-E905-4735-AD8C-41D718E79A19}.Debug|x86.Build.0 = Debug|Any CPU
		{D1F061B0-E905-4735-AD8C-41D718E79A19}.Release|Any CPU.ActiveCfg = Release|Any CPU
		{D1F061B0-E905-4735-AD8C-41D718E79A19}.Release|Any CPU.Build.0 = Release|Any CPU
		{D1F061B0-E905-4735-AD8C-41D718E79A19}.Release|ARM.ActiveCfg = Release|Any CPU
		{D1F061B0-E905-4735-AD8C-41D718E79A19}.Release|ARM.Build.0 = Release|Any CPU
		{D1F061B0-E905-4735-AD8C-41D718E79A19}.Release|ARM64.ActiveCfg = Release|Any CPU
		{D1F061B0-E905-4735-AD8C-41D718E79A19}.Release|ARM64.Build.0 = Release|Any CPU
		{D1F061B0-E905-4735-AD8C-41D718E79A19}.Release|x64.ActiveCfg = Release|Any CPU
		{D1F061B0-E905-4735-AD8C-41D718E79A19}.Release|x64.Build.0 = Release|Any CPU
		{D1F061B0-E905-4735-AD8C-41D718E79A19}.Release|x86.ActiveCfg = Release|Any CPU
		{D1F061B0-E905-4735-AD8C-41D718E79A19}.Release|x86.Build.0 = Release|Any CPU
		{66D7D7A4-647F-4847-8C6B-451CE5E12E15}.Debug|Any CPU.ActiveCfg = Debug|Any CPU
		{66D7D7A4-647F-4847-8C6B-451CE5E12E15}.Debug|Any CPU.Build.0 = Debug|Any CPU
		{66D7D7A4-647F-4847-8C6B-451CE5E12E15}.Debug|ARM.ActiveCfg = Debug|Any CPU
		{66D7D7A4-647F-4847-8C6B-451CE5E12E15}.Debug|ARM.Build.0 = Debug|Any CPU
		{66D7D7A4-647F-4847-8C6B-451CE5E12E15}.Debug|ARM64.ActiveCfg = Debug|Any CPU
		{66D7D7A4-647F-4847-8C6B-451CE5E12E15}.Debug|ARM64.Build.0 = Debug|Any CPU
		{66D7D7A4-647F-4847-8C6B-451CE5E12E15}.Debug|x64.ActiveCfg = Debug|Any CPU
		{66D7D7A4-647F-4847-8C6B-451CE5E12E15}.Debug|x64.Build.0 = Debug|Any CPU
		{66D7D7A4-647F-4847-8C6B-451CE5E12E15}.Debug|x86.ActiveCfg = Debug|Any CPU
		{66D7D7A4-647F-4847-8C6B-451CE5E12E15}.Debug|x86.Build.0 = Debug|Any CPU
		{66D7D7A4-647F-4847-8C6B-451CE5E12E15}.Release|Any CPU.ActiveCfg = Release|Any CPU
		{66D7D7A4-647F-4847-8C6B-451CE5E12E15}.Release|Any CPU.Build.0 = Release|Any CPU
		{66D7D7A4-647F-4847-8C6B-451CE5E12E15}.Release|ARM.ActiveCfg = Release|Any CPU
		{66D7D7A4-647F-4847-8C6B-451CE5E12E15}.Release|ARM.Build.0 = Release|Any CPU
		{66D7D7A4-647F-4847-8C6B-451CE5E12E15}.Release|ARM64.ActiveCfg = Release|Any CPU
		{66D7D7A4-647F-4847-8C6B-451CE5E12E15}.Release|ARM64.Build.0 = Release|Any CPU
		{66D7D7A4-647F-4847-8C6B-451CE5E12E15}.Release|x64.ActiveCfg = Release|Any CPU
		{66D7D7A4-647F-4847-8C6B-451CE5E12E15}.Release|x64.Build.0 = Release|Any CPU
		{66D7D7A4-647F-4847-8C6B-451CE5E12E15}.Release|x86.ActiveCfg = Release|Any CPU
		{66D7D7A4-647F-4847-8C6B-451CE5E12E15}.Release|x86.Build.0 = Release|Any CPU
		{A0DC11A3-5DF8-4C54-8163-94C62374288E}.Debug|Any CPU.ActiveCfg = Debug|Any CPU
		{A0DC11A3-5DF8-4C54-8163-94C62374288E}.Debug|Any CPU.Build.0 = Debug|Any CPU
		{A0DC11A3-5DF8-4C54-8163-94C62374288E}.Debug|ARM.ActiveCfg = Debug|Any CPU
		{A0DC11A3-5DF8-4C54-8163-94C62374288E}.Debug|ARM.Build.0 = Debug|Any CPU
		{A0DC11A3-5DF8-4C54-8163-94C62374288E}.Debug|ARM64.ActiveCfg = Debug|Any CPU
		{A0DC11A3-5DF8-4C54-8163-94C62374288E}.Debug|ARM64.Build.0 = Debug|Any CPU
		{A0DC11A3-5DF8-4C54-8163-94C62374288E}.Debug|x64.ActiveCfg = Debug|Any CPU
		{A0DC11A3-5DF8-4C54-8163-94C62374288E}.Debug|x64.Build.0 = Debug|Any CPU
		{A0DC11A3-5DF8-4C54-8163-94C62374288E}.Debug|x86.ActiveCfg = Debug|Any CPU
		{A0DC11A3-5DF8-4C54-8163-94C62374288E}.Debug|x86.Build.0 = Debug|Any CPU
		{A0DC11A3-5DF8-4C54-8163-94C62374288E}.Release|Any CPU.ActiveCfg = Release|Any CPU
		{A0DC11A3-5DF8-4C54-8163-94C62374288E}.Release|Any CPU.Build.0 = Release|Any CPU
		{A0DC11A3-5DF8-4C54-8163-94C62374288E}.Release|ARM.ActiveCfg = Release|Any CPU
		{A0DC11A3-5DF8-4C54-8163-94C62374288E}.Release|ARM.Build.0 = Release|Any CPU
		{A0DC11A3-5DF8-4C54-8163-94C62374288E}.Release|ARM64.ActiveCfg = Release|Any CPU
		{A0DC11A3-5DF8-4C54-8163-94C62374288E}.Release|ARM64.Build.0 = Release|Any CPU
		{A0DC11A3-5DF8-4C54-8163-94C62374288E}.Release|x64.ActiveCfg = Release|Any CPU
		{A0DC11A3-5DF8-4C54-8163-94C62374288E}.Release|x64.Build.0 = Release|Any CPU
		{A0DC11A3-5DF8-4C54-8163-94C62374288E}.Release|x86.ActiveCfg = Release|Any CPU
		{A0DC11A3-5DF8-4C54-8163-94C62374288E}.Release|x86.Build.0 = Release|Any CPU
		{ABC58A08-876B-45C5-8781-95AD07803026}.Debug|Any CPU.ActiveCfg = Debug|Any CPU
		{ABC58A08-876B-45C5-8781-95AD07803026}.Debug|Any CPU.Build.0 = Debug|Any CPU
		{ABC58A08-876B-45C5-8781-95AD07803026}.Debug|ARM.ActiveCfg = Debug|Any CPU
		{ABC58A08-876B-45C5-8781-95AD07803026}.Debug|ARM.Build.0 = Debug|Any CPU
		{ABC58A08-876B-45C5-8781-95AD07803026}.Debug|ARM64.ActiveCfg = Debug|Any CPU
		{ABC58A08-876B-45C5-8781-95AD07803026}.Debug|ARM64.Build.0 = Debug|Any CPU
		{ABC58A08-876B-45C5-8781-95AD07803026}.Debug|x64.ActiveCfg = Debug|Any CPU
		{ABC58A08-876B-45C5-8781-95AD07803026}.Debug|x64.Build.0 = Debug|Any CPU
		{ABC58A08-876B-45C5-8781-95AD07803026}.Debug|x86.ActiveCfg = Debug|Any CPU
		{ABC58A08-876B-45C5-8781-95AD07803026}.Debug|x86.Build.0 = Debug|Any CPU
		{ABC58A08-876B-45C5-8781-95AD07803026}.Release|Any CPU.ActiveCfg = Release|Any CPU
		{ABC58A08-876B-45C5-8781-95AD07803026}.Release|Any CPU.Build.0 = Release|Any CPU
		{ABC58A08-876B-45C5-8781-95AD07803026}.Release|ARM.ActiveCfg = Release|Any CPU
		{ABC58A08-876B-45C5-8781-95AD07803026}.Release|ARM.Build.0 = Release|Any CPU
		{ABC58A08-876B-45C5-8781-95AD07803026}.Release|ARM64.ActiveCfg = Release|Any CPU
		{ABC58A08-876B-45C5-8781-95AD07803026}.Release|ARM64.Build.0 = Release|Any CPU
		{ABC58A08-876B-45C5-8781-95AD07803026}.Release|x64.ActiveCfg = Release|Any CPU
		{ABC58A08-876B-45C5-8781-95AD07803026}.Release|x64.Build.0 = Release|Any CPU
		{ABC58A08-876B-45C5-8781-95AD07803026}.Release|x86.ActiveCfg = Release|Any CPU
		{ABC58A08-876B-45C5-8781-95AD07803026}.Release|x86.Build.0 = Release|Any CPU
		{1B242BB7-6D5E-4871-BE00-31A506B4F698}.Debug|Any CPU.ActiveCfg = Debug|Any CPU
		{1B242BB7-6D5E-4871-BE00-31A506B4F698}.Debug|Any CPU.Build.0 = Debug|Any CPU
		{1B242BB7-6D5E-4871-BE00-31A506B4F698}.Debug|ARM.ActiveCfg = Debug|Any CPU
		{1B242BB7-6D5E-4871-BE00-31A506B4F698}.Debug|ARM.Build.0 = Debug|Any CPU
		{1B242BB7-6D5E-4871-BE00-31A506B4F698}.Debug|ARM64.ActiveCfg = Debug|Any CPU
		{1B242BB7-6D5E-4871-BE00-31A506B4F698}.Debug|ARM64.Build.0 = Debug|Any CPU
		{1B242BB7-6D5E-4871-BE00-31A506B4F698}.Debug|x64.ActiveCfg = Debug|Any CPU
		{1B242BB7-6D5E-4871-BE00-31A506B4F698}.Debug|x64.Build.0 = Debug|Any CPU
		{1B242BB7-6D5E-4871-BE00-31A506B4F698}.Debug|x86.ActiveCfg = Debug|Any CPU
		{1B242BB7-6D5E-4871-BE00-31A506B4F698}.Debug|x86.Build.0 = Debug|Any CPU
		{1B242BB7-6D5E-4871-BE00-31A506B4F698}.Release|Any CPU.ActiveCfg = Release|Any CPU
		{1B242BB7-6D5E-4871-BE00-31A506B4F698}.Release|Any CPU.Build.0 = Release|Any CPU
		{1B242BB7-6D5E-4871-BE00-31A506B4F698}.Release|ARM.ActiveCfg = Release|Any CPU
		{1B242BB7-6D5E-4871-BE00-31A506B4F698}.Release|ARM.Build.0 = Release|Any CPU
		{1B242BB7-6D5E-4871-BE00-31A506B4F698}.Release|ARM64.ActiveCfg = Release|Any CPU
		{1B242BB7-6D5E-4871-BE00-31A506B4F698}.Release|ARM64.Build.0 = Release|Any CPU
		{1B242BB7-6D5E-4871-BE00-31A506B4F698}.Release|x64.ActiveCfg = Release|Any CPU
		{1B242BB7-6D5E-4871-BE00-31A506B4F698}.Release|x64.Build.0 = Release|Any CPU
		{1B242BB7-6D5E-4871-BE00-31A506B4F698}.Release|x86.ActiveCfg = Release|Any CPU
		{1B242BB7-6D5E-4871-BE00-31A506B4F698}.Release|x86.Build.0 = Release|Any CPU
		{BE139602-8894-497C-BC25-6A224D95B425}.Debug|Any CPU.ActiveCfg = Debug|Any CPU
		{BE139602-8894-497C-BC25-6A224D95B425}.Debug|Any CPU.Build.0 = Debug|Any CPU
		{BE139602-8894-497C-BC25-6A224D95B425}.Debug|ARM.ActiveCfg = Debug|Any CPU
		{BE139602-8894-497C-BC25-6A224D95B425}.Debug|ARM.Build.0 = Debug|Any CPU
		{BE139602-8894-497C-BC25-6A224D95B425}.Debug|ARM64.ActiveCfg = Debug|Any CPU
		{BE139602-8894-497C-BC25-6A224D95B425}.Debug|ARM64.Build.0 = Debug|Any CPU
		{BE139602-8894-497C-BC25-6A224D95B425}.Debug|x64.ActiveCfg = Debug|Any CPU
		{BE139602-8894-497C-BC25-6A224D95B425}.Debug|x64.Build.0 = Debug|Any CPU
		{BE139602-8894-497C-BC25-6A224D95B425}.Debug|x86.ActiveCfg = Debug|Any CPU
		{BE139602-8894-497C-BC25-6A224D95B425}.Debug|x86.Build.0 = Debug|Any CPU
		{BE139602-8894-497C-BC25-6A224D95B425}.Release|Any CPU.ActiveCfg = Release|Any CPU
		{BE139602-8894-497C-BC25-6A224D95B425}.Release|Any CPU.Build.0 = Release|Any CPU
		{BE139602-8894-497C-BC25-6A224D95B425}.Release|ARM.ActiveCfg = Release|Any CPU
		{BE139602-8894-497C-BC25-6A224D95B425}.Release|ARM.Build.0 = Release|Any CPU
		{BE139602-8894-497C-BC25-6A224D95B425}.Release|ARM64.ActiveCfg = Release|Any CPU
		{BE139602-8894-497C-BC25-6A224D95B425}.Release|ARM64.Build.0 = Release|Any CPU
		{BE139602-8894-497C-BC25-6A224D95B425}.Release|x64.ActiveCfg = Release|Any CPU
		{BE139602-8894-497C-BC25-6A224D95B425}.Release|x64.Build.0 = Release|Any CPU
		{BE139602-8894-497C-BC25-6A224D95B425}.Release|x86.ActiveCfg = Release|Any CPU
		{BE139602-8894-497C-BC25-6A224D95B425}.Release|x86.Build.0 = Release|Any CPU
		{9B0B588E-4459-4D7B-866F-0965434E4677}.Debug|Any CPU.ActiveCfg = Debug|Any CPU
		{9B0B588E-4459-4D7B-866F-0965434E4677}.Debug|Any CPU.Build.0 = Debug|Any CPU
		{9B0B588E-4459-4D7B-866F-0965434E4677}.Debug|ARM.ActiveCfg = Debug|Any CPU
		{9B0B588E-4459-4D7B-866F-0965434E4677}.Debug|ARM.Build.0 = Debug|Any CPU
		{9B0B588E-4459-4D7B-866F-0965434E4677}.Debug|ARM64.ActiveCfg = Debug|Any CPU
		{9B0B588E-4459-4D7B-866F-0965434E4677}.Debug|ARM64.Build.0 = Debug|Any CPU
		{9B0B588E-4459-4D7B-866F-0965434E4677}.Debug|x64.ActiveCfg = Debug|Any CPU
		{9B0B588E-4459-4D7B-866F-0965434E4677}.Debug|x64.Build.0 = Debug|Any CPU
		{9B0B588E-4459-4D7B-866F-0965434E4677}.Debug|x86.ActiveCfg = Debug|Any CPU
		{9B0B588E-4459-4D7B-866F-0965434E4677}.Debug|x86.Build.0 = Debug|Any CPU
		{9B0B588E-4459-4D7B-866F-0965434E4677}.Release|Any CPU.ActiveCfg = Release|Any CPU
		{9B0B588E-4459-4D7B-866F-0965434E4677}.Release|Any CPU.Build.0 = Release|Any CPU
		{9B0B588E-4459-4D7B-866F-0965434E4677}.Release|ARM.ActiveCfg = Release|Any CPU
		{9B0B588E-4459-4D7B-866F-0965434E4677}.Release|ARM.Build.0 = Release|Any CPU
		{9B0B588E-4459-4D7B-866F-0965434E4677}.Release|ARM64.ActiveCfg = Release|Any CPU
		{9B0B588E-4459-4D7B-866F-0965434E4677}.Release|ARM64.Build.0 = Release|Any CPU
		{9B0B588E-4459-4D7B-866F-0965434E4677}.Release|x64.ActiveCfg = Release|Any CPU
		{9B0B588E-4459-4D7B-866F-0965434E4677}.Release|x64.Build.0 = Release|Any CPU
		{9B0B588E-4459-4D7B-866F-0965434E4677}.Release|x86.ActiveCfg = Release|Any CPU
		{9B0B588E-4459-4D7B-866F-0965434E4677}.Release|x86.Build.0 = Release|Any CPU
		{E7388F1A-E23E-49D2-9379-7A12D6B6EF34}.Debug|Any CPU.ActiveCfg = Debug|Any CPU
		{E7388F1A-E23E-49D2-9379-7A12D6B6EF34}.Debug|Any CPU.Build.0 = Debug|Any CPU
		{E7388F1A-E23E-49D2-9379-7A12D6B6EF34}.Debug|ARM.ActiveCfg = Debug|Any CPU
		{E7388F1A-E23E-49D2-9379-7A12D6B6EF34}.Debug|ARM.Build.0 = Debug|Any CPU
		{E7388F1A-E23E-49D2-9379-7A12D6B6EF34}.Debug|ARM64.ActiveCfg = Debug|Any CPU
		{E7388F1A-E23E-49D2-9379-7A12D6B6EF34}.Debug|ARM64.Build.0 = Debug|Any CPU
		{E7388F1A-E23E-49D2-9379-7A12D6B6EF34}.Debug|x64.ActiveCfg = Debug|Any CPU
		{E7388F1A-E23E-49D2-9379-7A12D6B6EF34}.Debug|x64.Build.0 = Debug|Any CPU
		{E7388F1A-E23E-49D2-9379-7A12D6B6EF34}.Debug|x86.ActiveCfg = Debug|Any CPU
		{E7388F1A-E23E-49D2-9379-7A12D6B6EF34}.Debug|x86.Build.0 = Debug|Any CPU
		{E7388F1A-E23E-49D2-9379-7A12D6B6EF34}.Release|Any CPU.ActiveCfg = Release|Any CPU
		{E7388F1A-E23E-49D2-9379-7A12D6B6EF34}.Release|Any CPU.Build.0 = Release|Any CPU
		{E7388F1A-E23E-49D2-9379-7A12D6B6EF34}.Release|ARM.ActiveCfg = Release|Any CPU
		{E7388F1A-E23E-49D2-9379-7A12D6B6EF34}.Release|ARM.Build.0 = Release|Any CPU
		{E7388F1A-E23E-49D2-9379-7A12D6B6EF34}.Release|ARM64.ActiveCfg = Release|Any CPU
		{E7388F1A-E23E-49D2-9379-7A12D6B6EF34}.Release|ARM64.Build.0 = Release|Any CPU
		{E7388F1A-E23E-49D2-9379-7A12D6B6EF34}.Release|x64.ActiveCfg = Release|Any CPU
		{E7388F1A-E23E-49D2-9379-7A12D6B6EF34}.Release|x64.Build.0 = Release|Any CPU
		{E7388F1A-E23E-49D2-9379-7A12D6B6EF34}.Release|x86.ActiveCfg = Release|Any CPU
		{E7388F1A-E23E-49D2-9379-7A12D6B6EF34}.Release|x86.Build.0 = Release|Any CPU
		{7473673C-E576-4538-B74A-3D0F2787DD19}.Debug|Any CPU.ActiveCfg = Debug|Any CPU
		{7473673C-E576-4538-B74A-3D0F2787DD19}.Debug|Any CPU.Build.0 = Debug|Any CPU
		{7473673C-E576-4538-B74A-3D0F2787DD19}.Debug|ARM.ActiveCfg = Debug|Any CPU
		{7473673C-E576-4538-B74A-3D0F2787DD19}.Debug|ARM.Build.0 = Debug|Any CPU
		{7473673C-E576-4538-B74A-3D0F2787DD19}.Debug|ARM64.ActiveCfg = Debug|Any CPU
		{7473673C-E576-4538-B74A-3D0F2787DD19}.Debug|ARM64.Build.0 = Debug|Any CPU
		{7473673C-E576-4538-B74A-3D0F2787DD19}.Debug|x64.ActiveCfg = Debug|Any CPU
		{7473673C-E576-4538-B74A-3D0F2787DD19}.Debug|x64.Build.0 = Debug|Any CPU
		{7473673C-E576-4538-B74A-3D0F2787DD19}.Debug|x86.ActiveCfg = Debug|Any CPU
		{7473673C-E576-4538-B74A-3D0F2787DD19}.Debug|x86.Build.0 = Debug|Any CPU
		{7473673C-E576-4538-B74A-3D0F2787DD19}.Release|Any CPU.ActiveCfg = Release|Any CPU
		{7473673C-E576-4538-B74A-3D0F2787DD19}.Release|Any CPU.Build.0 = Release|Any CPU
		{7473673C-E576-4538-B74A-3D0F2787DD19}.Release|ARM.ActiveCfg = Release|Any CPU
		{7473673C-E576-4538-B74A-3D0F2787DD19}.Release|ARM.Build.0 = Release|Any CPU
		{7473673C-E576-4538-B74A-3D0F2787DD19}.Release|ARM64.ActiveCfg = Release|Any CPU
		{7473673C-E576-4538-B74A-3D0F2787DD19}.Release|ARM64.Build.0 = Release|Any CPU
		{7473673C-E576-4538-B74A-3D0F2787DD19}.Release|x64.ActiveCfg = Release|Any CPU
		{7473673C-E576-4538-B74A-3D0F2787DD19}.Release|x64.Build.0 = Release|Any CPU
		{7473673C-E576-4538-B74A-3D0F2787DD19}.Release|x86.ActiveCfg = Release|Any CPU
		{7473673C-E576-4538-B74A-3D0F2787DD19}.Release|x86.Build.0 = Release|Any CPU
		{3952F3F0-1361-4D25-BA28-AA2D6E3627BD}.Debug|Any CPU.ActiveCfg = Debug|x64
		{3952F3F0-1361-4D25-BA28-AA2D6E3627BD}.Debug|Any CPU.Build.0 = Debug|x64
		{3952F3F0-1361-4D25-BA28-AA2D6E3627BD}.Debug|Any CPU.Deploy.0 = Debug|x64
		{3952F3F0-1361-4D25-BA28-AA2D6E3627BD}.Debug|ARM.ActiveCfg = Debug|x64
		{3952F3F0-1361-4D25-BA28-AA2D6E3627BD}.Debug|ARM.Build.0 = Debug|x64
		{3952F3F0-1361-4D25-BA28-AA2D6E3627BD}.Debug|ARM.Deploy.0 = Debug|x64
		{3952F3F0-1361-4D25-BA28-AA2D6E3627BD}.Debug|ARM64.ActiveCfg = Debug|arm64
		{3952F3F0-1361-4D25-BA28-AA2D6E3627BD}.Debug|ARM64.Build.0 = Debug|arm64
		{3952F3F0-1361-4D25-BA28-AA2D6E3627BD}.Debug|ARM64.Deploy.0 = Debug|arm64
		{3952F3F0-1361-4D25-BA28-AA2D6E3627BD}.Debug|x64.ActiveCfg = Debug|x64
		{3952F3F0-1361-4D25-BA28-AA2D6E3627BD}.Debug|x64.Build.0 = Debug|x64
		{3952F3F0-1361-4D25-BA28-AA2D6E3627BD}.Debug|x64.Deploy.0 = Debug|x64
		{3952F3F0-1361-4D25-BA28-AA2D6E3627BD}.Debug|x86.ActiveCfg = Debug|x86
		{3952F3F0-1361-4D25-BA28-AA2D6E3627BD}.Debug|x86.Build.0 = Debug|x86
		{3952F3F0-1361-4D25-BA28-AA2D6E3627BD}.Debug|x86.Deploy.0 = Debug|x86
		{3952F3F0-1361-4D25-BA28-AA2D6E3627BD}.Release|Any CPU.ActiveCfg = Release|x64
		{3952F3F0-1361-4D25-BA28-AA2D6E3627BD}.Release|Any CPU.Build.0 = Release|x64
		{3952F3F0-1361-4D25-BA28-AA2D6E3627BD}.Release|Any CPU.Deploy.0 = Release|x64
		{3952F3F0-1361-4D25-BA28-AA2D6E3627BD}.Release|ARM.ActiveCfg = Release|x64
		{3952F3F0-1361-4D25-BA28-AA2D6E3627BD}.Release|ARM.Build.0 = Release|x64
		{3952F3F0-1361-4D25-BA28-AA2D6E3627BD}.Release|ARM.Deploy.0 = Release|x64
		{3952F3F0-1361-4D25-BA28-AA2D6E3627BD}.Release|ARM64.ActiveCfg = Release|arm64
		{3952F3F0-1361-4D25-BA28-AA2D6E3627BD}.Release|ARM64.Build.0 = Release|arm64
		{3952F3F0-1361-4D25-BA28-AA2D6E3627BD}.Release|ARM64.Deploy.0 = Release|arm64
		{3952F3F0-1361-4D25-BA28-AA2D6E3627BD}.Release|x64.ActiveCfg = Release|x64
		{3952F3F0-1361-4D25-BA28-AA2D6E3627BD}.Release|x64.Build.0 = Release|x64
		{3952F3F0-1361-4D25-BA28-AA2D6E3627BD}.Release|x64.Deploy.0 = Release|x64
		{3952F3F0-1361-4D25-BA28-AA2D6E3627BD}.Release|x86.ActiveCfg = Release|x86
		{3952F3F0-1361-4D25-BA28-AA2D6E3627BD}.Release|x86.Build.0 = Release|x86
		{3952F3F0-1361-4D25-BA28-AA2D6E3627BD}.Release|x86.Deploy.0 = Release|x86
		{F75A0E7E-697D-468C-B33F-9C4A7C1D0229}.Debug|Any CPU.ActiveCfg = Debug|x64
		{F75A0E7E-697D-468C-B33F-9C4A7C1D0229}.Debug|Any CPU.Build.0 = Debug|x64
		{F75A0E7E-697D-468C-B33F-9C4A7C1D0229}.Debug|ARM.ActiveCfg = Debug|x64
		{F75A0E7E-697D-468C-B33F-9C4A7C1D0229}.Debug|ARM.Build.0 = Debug|x64
		{F75A0E7E-697D-468C-B33F-9C4A7C1D0229}.Debug|ARM64.ActiveCfg = Debug|arm64
		{F75A0E7E-697D-468C-B33F-9C4A7C1D0229}.Debug|ARM64.Build.0 = Debug|arm64
		{F75A0E7E-697D-468C-B33F-9C4A7C1D0229}.Debug|x64.ActiveCfg = Debug|x64
		{F75A0E7E-697D-468C-B33F-9C4A7C1D0229}.Debug|x64.Build.0 = Debug|x64
		{F75A0E7E-697D-468C-B33F-9C4A7C1D0229}.Debug|x86.ActiveCfg = Debug|x86
		{F75A0E7E-697D-468C-B33F-9C4A7C1D0229}.Debug|x86.Build.0 = Debug|x86
		{F75A0E7E-697D-468C-B33F-9C4A7C1D0229}.Release|Any CPU.ActiveCfg = Release|x64
		{F75A0E7E-697D-468C-B33F-9C4A7C1D0229}.Release|Any CPU.Build.0 = Release|x64
		{F75A0E7E-697D-468C-B33F-9C4A7C1D0229}.Release|ARM.ActiveCfg = Release|x64
		{F75A0E7E-697D-468C-B33F-9C4A7C1D0229}.Release|ARM.Build.0 = Release|x64
		{F75A0E7E-697D-468C-B33F-9C4A7C1D0229}.Release|ARM64.ActiveCfg = Release|arm64
		{F75A0E7E-697D-468C-B33F-9C4A7C1D0229}.Release|ARM64.Build.0 = Release|arm64
		{F75A0E7E-697D-468C-B33F-9C4A7C1D0229}.Release|x64.ActiveCfg = Release|x64
		{F75A0E7E-697D-468C-B33F-9C4A7C1D0229}.Release|x64.Build.0 = Release|x64
		{F75A0E7E-697D-468C-B33F-9C4A7C1D0229}.Release|x86.ActiveCfg = Release|x86
		{F75A0E7E-697D-468C-B33F-9C4A7C1D0229}.Release|x86.Build.0 = Release|x86
		{9768A526-447D-492B-BF51-48144EC7FDF1}.Debug|Any CPU.ActiveCfg = Debug|Any CPU
		{9768A526-447D-492B-BF51-48144EC7FDF1}.Debug|Any CPU.Build.0 = Debug|Any CPU
		{9768A526-447D-492B-BF51-48144EC7FDF1}.Debug|ARM.ActiveCfg = Debug|Any CPU
		{9768A526-447D-492B-BF51-48144EC7FDF1}.Debug|ARM.Build.0 = Debug|Any CPU
		{9768A526-447D-492B-BF51-48144EC7FDF1}.Debug|ARM64.ActiveCfg = Debug|Any CPU
		{9768A526-447D-492B-BF51-48144EC7FDF1}.Debug|ARM64.Build.0 = Debug|Any CPU
		{9768A526-447D-492B-BF51-48144EC7FDF1}.Debug|x64.ActiveCfg = Debug|Any CPU
		{9768A526-447D-492B-BF51-48144EC7FDF1}.Debug|x64.Build.0 = Debug|Any CPU
		{9768A526-447D-492B-BF51-48144EC7FDF1}.Debug|x86.ActiveCfg = Debug|Any CPU
		{9768A526-447D-492B-BF51-48144EC7FDF1}.Debug|x86.Build.0 = Debug|Any CPU
		{9768A526-447D-492B-BF51-48144EC7FDF1}.Release|Any CPU.ActiveCfg = Release|Any CPU
		{9768A526-447D-492B-BF51-48144EC7FDF1}.Release|Any CPU.Build.0 = Release|Any CPU
		{9768A526-447D-492B-BF51-48144EC7FDF1}.Release|ARM.ActiveCfg = Release|Any CPU
		{9768A526-447D-492B-BF51-48144EC7FDF1}.Release|ARM.Build.0 = Release|Any CPU
		{9768A526-447D-492B-BF51-48144EC7FDF1}.Release|ARM64.ActiveCfg = Release|Any CPU
		{9768A526-447D-492B-BF51-48144EC7FDF1}.Release|ARM64.Build.0 = Release|Any CPU
		{9768A526-447D-492B-BF51-48144EC7FDF1}.Release|x64.ActiveCfg = Release|Any CPU
		{9768A526-447D-492B-BF51-48144EC7FDF1}.Release|x64.Build.0 = Release|Any CPU
		{9768A526-447D-492B-BF51-48144EC7FDF1}.Release|x86.ActiveCfg = Release|Any CPU
		{9768A526-447D-492B-BF51-48144EC7FDF1}.Release|x86.Build.0 = Release|Any CPU
		{F43ED62D-935F-4848-871B-0B3740751512}.Debug|Any CPU.ActiveCfg = Debug|Any CPU
		{F43ED62D-935F-4848-871B-0B3740751512}.Debug|Any CPU.Build.0 = Debug|Any CPU
		{F43ED62D-935F-4848-871B-0B3740751512}.Debug|ARM.ActiveCfg = Debug|Any CPU
		{F43ED62D-935F-4848-871B-0B3740751512}.Debug|ARM.Build.0 = Debug|Any CPU
		{F43ED62D-935F-4848-871B-0B3740751512}.Debug|ARM64.ActiveCfg = Debug|Any CPU
		{F43ED62D-935F-4848-871B-0B3740751512}.Debug|ARM64.Build.0 = Debug|Any CPU
		{F43ED62D-935F-4848-871B-0B3740751512}.Debug|x64.ActiveCfg = Debug|Any CPU
		{F43ED62D-935F-4848-871B-0B3740751512}.Debug|x64.Build.0 = Debug|Any CPU
		{F43ED62D-935F-4848-871B-0B3740751512}.Debug|x86.ActiveCfg = Debug|Any CPU
		{F43ED62D-935F-4848-871B-0B3740751512}.Debug|x86.Build.0 = Debug|Any CPU
		{F43ED62D-935F-4848-871B-0B3740751512}.Release|Any CPU.ActiveCfg = Release|Any CPU
		{F43ED62D-935F-4848-871B-0B3740751512}.Release|Any CPU.Build.0 = Release|Any CPU
		{F43ED62D-935F-4848-871B-0B3740751512}.Release|ARM.ActiveCfg = Release|Any CPU
		{F43ED62D-935F-4848-871B-0B3740751512}.Release|ARM.Build.0 = Release|Any CPU
		{F43ED62D-935F-4848-871B-0B3740751512}.Release|ARM64.ActiveCfg = Release|Any CPU
		{F43ED62D-935F-4848-871B-0B3740751512}.Release|ARM64.Build.0 = Release|Any CPU
		{F43ED62D-935F-4848-871B-0B3740751512}.Release|x64.ActiveCfg = Release|Any CPU
		{F43ED62D-935F-4848-871B-0B3740751512}.Release|x64.Build.0 = Release|Any CPU
		{F43ED62D-935F-4848-871B-0B3740751512}.Release|x86.ActiveCfg = Release|Any CPU
		{F43ED62D-935F-4848-871B-0B3740751512}.Release|x86.Build.0 = Release|Any CPU
	EndGlobalSection
	GlobalSection(SolutionProperties) = preSolution
		HideSolutionNode = FALSE
	EndGlobalSection
	GlobalSection(NestedProjects) = preSolution
		{59D7E2D7-357B-42CB-8B25-ADA594BC3156} = {A3DDBE9B-5F1F-4ED2-A57B-07CA13575D67}
		{F98C0DBE-B104-4826-A1C8-77380B0A100B} = {81590BC0-9B04-4940-80DF-CFEA6BCE80AF}
		{53BECC73-EC15-45ED-B78B-882C02D22E64} = {5E4517CB-05B6-4B76-9107-C451B10B605D}
		{FC199661-7829-41FE-8558-89B1185FE009} = {A3DDBE9B-5F1F-4ED2-A57B-07CA13575D67}
		{9D8ADFE7-92E9-48BD-9067-15F0D21B8577} = {A3DDBE9B-5F1F-4ED2-A57B-07CA13575D67}
		{CF12ED2C-DC42-4344-88BC-8AC95DC0FFB5} = {A3DDBE9B-5F1F-4ED2-A57B-07CA13575D67}
		{A418DA62-B0F1-4727-920A-C8E8EB48B143} = {A3DDBE9B-5F1F-4ED2-A57B-07CA13575D67}
		{5E4517CB-05B6-4B76-9107-C451B10B605D} = {81590BC0-9B04-4940-80DF-CFEA6BCE80AF}
		{30E234A1-498C-4200-B223-35E721574D76} = {5E4517CB-05B6-4B76-9107-C451B10B605D}
		{DF25CEAE-97DD-4832-90E5-2047AA385DD4} = {27F90A55-94F9-4FFE-977C-C1A66C3D1E02}
		{D513A5D2-80C8-44FC-B2E8-03F94D83D249} = {A3DDBE9B-5F1F-4ED2-A57B-07CA13575D67}
		{B898D712-EB5B-4345-A3CD-98C24C11A1FC} = {137071CE-130A-43E7-92CF-97C8C7C70268}
		{21BAC05E-92F6-42D3-B6E7-2F40BBA80550} = {137071CE-130A-43E7-92CF-97C8C7C70268}
		{CBC9C972-F946-484F-9ADF-1BA1906ABF86} = {5E4517CB-05B6-4B76-9107-C451B10B605D}
		{53D465A7-704F-42EC-9185-4148104B821F} = {5E4517CB-05B6-4B76-9107-C451B10B605D}
		{39E76EAA-1626-4448-9ABB-5862B7CCD1F4} = {8A2041EA-A9F8-4379-B139-CC8FF12CA456}
		{A3DDBE9B-5F1F-4ED2-A57B-07CA13575D67} = {27F90A55-94F9-4FFE-977C-C1A66C3D1E02}
		{D1F061B0-E905-4735-AD8C-41D718E79A19} = {39E76EAA-1626-4448-9ABB-5862B7CCD1F4}
		{8A2041EA-A9F8-4379-B139-CC8FF12CA456} = {27F90A55-94F9-4FFE-977C-C1A66C3D1E02}
		{66D7D7A4-647F-4847-8C6B-451CE5E12E15} = {BF394D5B-C850-424C-8F3C-984556A40D42}
		{ED7D1360-F59F-4A1C-BB9A-B7A953DF4B84} = {39916B22-3F5F-4508-A4A0-AC6F360DB301}
		{A0DC11A3-5DF8-4C54-8163-94C62374288E} = {ED7D1360-F59F-4A1C-BB9A-B7A953DF4B84}
		{D33C66EC-DE4F-4905-B522-2525DBECF41E} = {81590BC0-9B04-4940-80DF-CFEA6BCE80AF}
		{DDC3A444-B18C-48BA-B712-FFF62289A3C5} = {D33C66EC-DE4F-4905-B522-2525DBECF41E}
		{BF394D5B-C850-424C-8F3C-984556A40D42} = {8A2041EA-A9F8-4379-B139-CC8FF12CA456}
		{ABC58A08-876B-45C5-8781-95AD07803026} = {A3DDBE9B-5F1F-4ED2-A57B-07CA13575D67}
		{5E3238C9-809E-41C0-A168-D1A192FC4FB3} = {39916B22-3F5F-4508-A4A0-AC6F360DB301}
		{BE139602-8894-497C-BC25-6A224D95B425} = {5E3238C9-809E-41C0-A168-D1A192FC4FB3}
		{E7388F1A-E23E-49D2-9379-7A12D6B6EF34} = {A3DDBE9B-5F1F-4ED2-A57B-07CA13575D67}
		{3952F3F0-1361-4D25-BA28-AA2D6E3627BD} = {5E4517CB-05B6-4B76-9107-C451B10B605D}
		{F75A0E7E-697D-468C-B33F-9C4A7C1D0229} = {5E4517CB-05B6-4B76-9107-C451B10B605D}
		{F43ED62D-935F-4848-871B-0B3740751512} = {5E4517CB-05B6-4B76-9107-C451B10B605D}
	EndGlobalSection
	GlobalSection(ExtensibilityGlobals) = postSolution
		SolutionGuid = {23CFD92A-4FB0-40E0-8D60-2006FF299F5C}
	EndGlobalSection
EndGlobal
